
Microsoft Visual Studio Solution File, Format Version 12.00
# Visual Studio Version 17
VisualStudioVersion = 17.7.34024.191
MinimumVisualStudioVersion = 10.0.40219.1
Project("{9A19103F-16F7-4668-BE54-9A1E7A4F7556}") = "Cooperchip.Demo.Mvc", "Cooperchip.Demo.Mvc\Cooperchip.Demo.Mvc.csproj", "{1E150921-3AA4-4691-B9F2-1C2852EF0987}"
EndProject
Global
	GlobalSection(SolutionConfigurationPlatforms) = preSolution
		Debug|Any CPU = Debug|Any CPU
		Release|Any CPU = Release|Any CPU
	EndGlobalSection
	GlobalSection(ProjectConfigurationPlatforms) = postSolution
		{1E150921-3AA4-4691-B9F2-1C2852EF0987}.Debug|Any CPU.ActiveCfg = Debug|Any CPU
		{1E150921-3AA4-4691-B9F2-1C2852EF0987}.Debug|Any CPU.Build.0 = Debug|Any CPU
		{1E150921-3AA4-4691-B9F2-1C2852EF0987}.Release|Any CPU.ActiveCfg = Release|Any CPU
		{1E150921-3AA4-4691-B9F2-1C2852EF0987}.Release|Any CPU.Build.0 = Release|Any CPU
	EndGlobalSection
	GlobalSection(SolutionProperties) = preSolution
		HideSolutionNode = FALSE
	EndGlobalSection
	GlobalSection(ExtensibilityGlobals) = postSolution
		SolutionGuid = {8019FB5C-2233-4EA1-A40D-43FC812F32D5}
	EndGlobalSection
EndGlobal
